// !$*UTF8*$!
{
	archiveVersion = 1;
	classes = {
	};
	objectVersion = 50;
	objects = {

/* Begin PBXBuildFile section */
		2C494D5D262F460B008EC632 /* Collectable.swift in Sources */ = {isa = PBXBuildFile; fileRef = 2C494D5C262F460B008EC632 /* Collectable.swift */; };
		2C494D62262F4AF7008EC632 /* PowerItem.swift in Sources */ = {isa = PBXBuildFile; fileRef = 2C494D61262F4AF7008EC632 /* PowerItem.swift */; };
		2C494D6C262F51B4008EC632 /* PlatformBox.swift in Sources */ = {isa = PBXBuildFile; fileRef = 2C494D6B262F51B4008EC632 /* PlatformBox.swift */; };
		34030565262DC7B800BFBA5C /* bartle.jpeg in Resources */ = {isa = PBXBuildFile; fileRef = 34030562262DC7B800BFBA5C /* bartle.jpeg */; };
		34030566262DC7B800BFBA5C /* marketplace.jpeg in Resources */ = {isa = PBXBuildFile; fileRef = 34030563262DC7B800BFBA5C /* marketplace.jpeg */; };
		34030567262DC7B800BFBA5C /* jazzmans.jpeg in Resources */ = {isa = PBXBuildFile; fileRef = 34030564262DC7B800BFBA5C /* jazzmans.jpeg */; };
		342BA80A2630674800F12E0F /* CharacterViewController.swift in Sources */ = {isa = PBXBuildFile; fileRef = 342BA8092630674800F12E0F /* CharacterViewController.swift */; };
		342BA80F263072BF00F12E0F /* stickFigure.png in Resources */ = {isa = PBXBuildFile; fileRef = 342BA80E263072BF00F12E0F /* stickFigure.png */; };
		344AE1A62624927D00EC6BAC /* AppDelegate.swift in Sources */ = {isa = PBXBuildFile; fileRef = 344AE1A52624927D00EC6BAC /* AppDelegate.swift */; };
		344AE1A82624927D00EC6BAC /* GameScene.sks in Resources */ = {isa = PBXBuildFile; fileRef = 344AE1A72624927D00EC6BAC /* GameScene.sks */; };
		344AE1AA2624927D00EC6BAC /* Actions.sks in Resources */ = {isa = PBXBuildFile; fileRef = 344AE1A92624927D00EC6BAC /* Actions.sks */; };
		344AE1AC2624927D00EC6BAC /* GameScene.swift in Sources */ = {isa = PBXBuildFile; fileRef = 344AE1AB2624927D00EC6BAC /* GameScene.swift */; };
		344AE1AE2624927D00EC6BAC /* GameViewController.swift in Sources */ = {isa = PBXBuildFile; fileRef = 344AE1AD2624927D00EC6BAC /* GameViewController.swift */; };
		344AE1B12624927D00EC6BAC /* Main.storyboard in Resources */ = {isa = PBXBuildFile; fileRef = 344AE1AF2624927D00EC6BAC /* Main.storyboard */; };
		344AE1B32624927E00EC6BAC /* Assets.xcassets in Resources */ = {isa = PBXBuildFile; fileRef = 344AE1B22624927E00EC6BAC /* Assets.xcassets */; };
		344AE1BE2624927E00EC6BAC /* bingCsBrosTests.swift in Sources */ = {isa = PBXBuildFile; fileRef = 344AE1BD2624927E00EC6BAC /* bingCsBrosTests.swift */; };
		344AE1C92624927E00EC6BAC /* bingCsBrosUITests.swift in Sources */ = {isa = PBXBuildFile; fileRef = 344AE1C82624927E00EC6BAC /* bingCsBrosUITests.swift */; };
		347CB750262736D200E9C464 /* Character.swift in Sources */ = {isa = PBXBuildFile; fileRef = 347CB74F262736D200E9C464 /* Character.swift */; };
		34B881FF2638626300391271 /* WinViewController.swift in Sources */ = {isa = PBXBuildFile; fileRef = 34B881FE2638626300391271 /* WinViewController.swift */; };
		796E9BDF263662A30084A130 /* ViewController.swift in Sources */ = {isa = PBXBuildFile; fileRef = 796E9BDE263662A30084A130 /* ViewController.swift */; };
		79B3E4702629390100EE2316 /* Enemy.swift in Sources */ = {isa = PBXBuildFile; fileRef = 79B3E46F2629390100EE2316 /* Enemy.swift */; };
		79B3E47526293A4B00EE2316 /* Obstacles.swift in Sources */ = {isa = PBXBuildFile; fileRef = 79B3E47426293A4B00EE2316 /* Obstacles.swift */; };
/* End PBXBuildFile section */

/* Begin PBXContainerItemProxy section */
		344AE1BA2624927E00EC6BAC /* PBXContainerItemProxy */ = {
			isa = PBXContainerItemProxy;
			containerPortal = 344AE19A2624927D00EC6BAC /* Project object */;
			proxyType = 1;
			remoteGlobalIDString = 344AE1A12624927D00EC6BAC;
			remoteInfo = bingCsBros;
		};
		344AE1C52624927E00EC6BAC /* PBXContainerItemProxy */ = {
			isa = PBXContainerItemProxy;
			containerPortal = 344AE19A2624927D00EC6BAC /* Project object */;
			proxyType = 1;
			remoteGlobalIDString = 344AE1A12624927D00EC6BAC;
			remoteInfo = bingCsBros;
		};
/* End PBXContainerItemProxy section */

/* Begin PBXFileReference section */
		2C494D5C262F460B008EC632 /* Collectable.swift */ = {isa = PBXFileReference; lastKnownFileType = sourcecode.swift; path = Collectable.swift; sourceTree = "<group>"; };
		2C494D61262F4AF7008EC632 /* PowerItem.swift */ = {isa = PBXFileReference; lastKnownFileType = sourcecode.swift; path = PowerItem.swift; sourceTree = "<group>"; };
		2C494D6B262F51B4008EC632 /* PlatformBox.swift */ = {isa = PBXFileReference; lastKnownFileType = sourcecode.swift; path = PlatformBox.swift; sourceTree = "<group>"; };
		34030562262DC7B800BFBA5C /* bartle.jpeg */ = {isa = PBXFileReference; lastKnownFileType = image.jpeg; path = bartle.jpeg; sourceTree = "<group>"; };
		34030563262DC7B800BFBA5C /* marketplace.jpeg */ = {isa = PBXFileReference; lastKnownFileType = image.jpeg; path = marketplace.jpeg; sourceTree = "<group>"; };
		34030564262DC7B800BFBA5C /* jazzmans.jpeg */ = {isa = PBXFileReference; lastKnownFileType = image.jpeg; path = jazzmans.jpeg; sourceTree = "<group>"; };
		342BA8092630674800F12E0F /* CharacterViewController.swift */ = {isa = PBXFileReference; lastKnownFileType = sourcecode.swift; path = CharacterViewController.swift; sourceTree = "<group>"; };
		342BA80E263072BF00F12E0F /* stickFigure.png */ = {isa = PBXFileReference; lastKnownFileType = image.png; path = stickFigure.png; sourceTree = "<group>"; };
		344AE1A22624927D00EC6BAC /* bingCsBros.app */ = {isa = PBXFileReference; explicitFileType = wrapper.application; includeInIndex = 0; path = bingCsBros.app; sourceTree = BUILT_PRODUCTS_DIR; };
		344AE1A52624927D00EC6BAC /* AppDelegate.swift */ = {isa = PBXFileReference; lastKnownFileType = sourcecode.swift; path = AppDelegate.swift; sourceTree = "<group>"; };
		344AE1A72624927D00EC6BAC /* GameScene.sks */ = {isa = PBXFileReference; lastKnownFileType = file.sks; path = GameScene.sks; sourceTree = "<group>"; };
		344AE1A92624927D00EC6BAC /* Actions.sks */ = {isa = PBXFileReference; lastKnownFileType = file.sks; path = Actions.sks; sourceTree = "<group>"; };
		344AE1AB2624927D00EC6BAC /* GameScene.swift */ = {isa = PBXFileReference; lastKnownFileType = sourcecode.swift; path = GameScene.swift; sourceTree = "<group>"; };
		344AE1AD2624927D00EC6BAC /* GameViewController.swift */ = {isa = PBXFileReference; lastKnownFileType = sourcecode.swift; path = GameViewController.swift; sourceTree = "<group>"; };
		344AE1B02624927D00EC6BAC /* Base */ = {isa = PBXFileReference; lastKnownFileType = file.storyboard; name = Base; path = Base.lproj/Main.storyboard; sourceTree = "<group>"; };
		344AE1B22624927E00EC6BAC /* Assets.xcassets */ = {isa = PBXFileReference; lastKnownFileType = folder.assetcatalog; path = Assets.xcassets; sourceTree = "<group>"; };
		344AE1B42624927E00EC6BAC /* Info.plist */ = {isa = PBXFileReference; lastKnownFileType = text.plist.xml; path = Info.plist; sourceTree = "<group>"; };
		344AE1B92624927E00EC6BAC /* bingCsBrosTests.xctest */ = {isa = PBXFileReference; explicitFileType = wrapper.cfbundle; includeInIndex = 0; path = bingCsBrosTests.xctest; sourceTree = BUILT_PRODUCTS_DIR; };
		344AE1BD2624927E00EC6BAC /* bingCsBrosTests.swift */ = {isa = PBXFileReference; lastKnownFileType = sourcecode.swift; path = bingCsBrosTests.swift; sourceTree = "<group>"; };
		344AE1BF2624927E00EC6BAC /* Info.plist */ = {isa = PBXFileReference; lastKnownFileType = text.plist.xml; path = Info.plist; sourceTree = "<group>"; };
		344AE1C42624927E00EC6BAC /* bingCsBrosUITests.xctest */ = {isa = PBXFileReference; explicitFileType = wrapper.cfbundle; includeInIndex = 0; path = bingCsBrosUITests.xctest; sourceTree = BUILT_PRODUCTS_DIR; };
		344AE1C82624927E00EC6BAC /* bingCsBrosUITests.swift */ = {isa = PBXFileReference; lastKnownFileType = sourcecode.swift; path = bingCsBrosUITests.swift; sourceTree = "<group>"; };
		344AE1CA2624927E00EC6BAC /* Info.plist */ = {isa = PBXFileReference; lastKnownFileType = text.plist.xml; path = Info.plist; sourceTree = "<group>"; };
		347CB74F262736D200E9C464 /* Character.swift */ = {isa = PBXFileReference; lastKnownFileType = sourcecode.swift; path = Character.swift; sourceTree = "<group>"; };
		34B881FE2638626300391271 /* WinViewController.swift */ = {isa = PBXFileReference; lastKnownFileType = sourcecode.swift; path = WinViewController.swift; sourceTree = "<group>"; };
		796E9BDE263662A30084A130 /* ViewController.swift */ = {isa = PBXFileReference; lastKnownFileType = sourcecode.swift; path = ViewController.swift; sourceTree = "<group>"; };
		79B3E46F2629390100EE2316 /* Enemy.swift */ = {isa = PBXFileReference; fileEncoding = 4; lastKnownFileType = sourcecode.swift; path = Enemy.swift; sourceTree = "<group>"; };
		79B3E47426293A4B00EE2316 /* Obstacles.swift */ = {isa = PBXFileReference; lastKnownFileType = sourcecode.swift; path = Obstacles.swift; sourceTree = "<group>"; };
/* End PBXFileReference section */

/* Begin PBXFrameworksBuildPhase section */
		344AE19F2624927D00EC6BAC /* Frameworks */ = {
			isa = PBXFrameworksBuildPhase;
			buildActionMask = 2147483647;
			files = (
			);
			runOnlyForDeploymentPostprocessing = 0;
		};
		344AE1B62624927E00EC6BAC /* Frameworks */ = {
			isa = PBXFrameworksBuildPhase;
			buildActionMask = 2147483647;
			files = (
			);
			runOnlyForDeploymentPostprocessing = 0;
		};
		344AE1C12624927E00EC6BAC /* Frameworks */ = {
			isa = PBXFrameworksBuildPhase;
			buildActionMask = 2147483647;
			files = (
			);
			runOnlyForDeploymentPostprocessing = 0;
		};
/* End PBXFrameworksBuildPhase section */

/* Begin PBXGroup section */
		344AE1992624927D00EC6BAC = {
			isa = PBXGroup;
			children = (
				344AE1A42624927D00EC6BAC /* bingCsBros */,
				344AE1BC2624927E00EC6BAC /* bingCsBrosTests */,
				344AE1C72624927E00EC6BAC /* bingCsBrosUITests */,
				344AE1A32624927D00EC6BAC /* Products */,
			);
			sourceTree = "<group>";
		};
		344AE1A32624927D00EC6BAC /* Products */ = {
			isa = PBXGroup;
			children = (
				344AE1A22624927D00EC6BAC /* bingCsBros.app */,
				344AE1B92624927E00EC6BAC /* bingCsBrosTests.xctest */,
				344AE1C42624927E00EC6BAC /* bingCsBrosUITests.xctest */,
			);
			name = Products;
			sourceTree = "<group>";
		};
		344AE1A42624927D00EC6BAC /* bingCsBros */ = {
			isa = PBXGroup;
			children = (
				344AE1A52624927D00EC6BAC /* AppDelegate.swift */,
				344AE1A72624927D00EC6BAC /* GameScene.sks */,
				344AE1A92624927D00EC6BAC /* Actions.sks */,
				344AE1AB2624927D00EC6BAC /* GameScene.swift */,
				344AE1AD2624927D00EC6BAC /* GameViewController.swift */,
				344AE1AF2624927D00EC6BAC /* Main.storyboard */,
				34B881FE2638626300391271 /* WinViewController.swift */,
				796E9BDE263662A30084A130 /* ViewController.swift */,
				342BA8092630674800F12E0F /* CharacterViewController.swift */,
				79B3E46F2629390100EE2316 /* Enemy.swift */,
				79B3E47426293A4B00EE2316 /* Obstacles.swift */,
				347CB74F262736D200E9C464 /* Character.swift */,
				2C494D6B262F51B4008EC632 /* PlatformBox.swift */,
				2C494D5C262F460B008EC632 /* Collectable.swift */,
				2C494D61262F4AF7008EC632 /* PowerItem.swift */,
				344AE1B22624927E00EC6BAC /* Assets.xcassets */,
				34030562262DC7B800BFBA5C /* bartle.jpeg */,
				34030564262DC7B800BFBA5C /* jazzmans.jpeg */,
				34030563262DC7B800BFBA5C /* marketplace.jpeg */,
				342BA80E263072BF00F12E0F /* stickFigure.png */,
				344AE1B42624927E00EC6BAC /* Info.plist */,
			);
			path = bingCsBros;
			sourceTree = "<group>";
		};
		344AE1BC2624927E00EC6BAC /* bingCsBrosTests */ = {
			isa = PBXGroup;
			children = (
				344AE1BD2624927E00EC6BAC /* bingCsBrosTests.swift */,
				344AE1BF2624927E00EC6BAC /* Info.plist */,
			);
			path = bingCsBrosTests;
			sourceTree = "<group>";
		};
		344AE1C72624927E00EC6BAC /* bingCsBrosUITests */ = {
			isa = PBXGroup;
			children = (
				344AE1C82624927E00EC6BAC /* bingCsBrosUITests.swift */,
				344AE1CA2624927E00EC6BAC /* Info.plist */,
			);
			path = bingCsBrosUITests;
			sourceTree = "<group>";
		};
/* End PBXGroup section */

/* Begin PBXNativeTarget section */
		344AE1A12624927D00EC6BAC /* bingCsBros */ = {
			isa = PBXNativeTarget;
			buildConfigurationList = 344AE1CD2624927E00EC6BAC /* Build configuration list for PBXNativeTarget "bingCsBros" */;
			buildPhases = (
				344AE19E2624927D00EC6BAC /* Sources */,
				344AE19F2624927D00EC6BAC /* Frameworks */,
				344AE1A02624927D00EC6BAC /* Resources */,
			);
			buildRules = (
			);
			dependencies = (
			);
			name = bingCsBros;
			productName = bingCsBros;
			productReference = 344AE1A22624927D00EC6BAC /* bingCsBros.app */;
			productType = "com.apple.product-type.application";
		};
		344AE1B82624927E00EC6BAC /* bingCsBrosTests */ = {
			isa = PBXNativeTarget;
			buildConfigurationList = 344AE1D02624927E00EC6BAC /* Build configuration list for PBXNativeTarget "bingCsBrosTests" */;
			buildPhases = (
				344AE1B52624927E00EC6BAC /* Sources */,
				344AE1B62624927E00EC6BAC /* Frameworks */,
				344AE1B72624927E00EC6BAC /* Resources */,
			);
			buildRules = (
			);
			dependencies = (
				344AE1BB2624927E00EC6BAC /* PBXTargetDependency */,
			);
			name = bingCsBrosTests;
			productName = bingCsBrosTests;
			productReference = 344AE1B92624927E00EC6BAC /* bingCsBrosTests.xctest */;
			productType = "com.apple.product-type.bundle.unit-test";
		};
		344AE1C32624927E00EC6BAC /* bingCsBrosUITests */ = {
			isa = PBXNativeTarget;
			buildConfigurationList = 344AE1D32624927E00EC6BAC /* Build configuration list for PBXNativeTarget "bingCsBrosUITests" */;
			buildPhases = (
				344AE1C02624927E00EC6BAC /* Sources */,
				344AE1C12624927E00EC6BAC /* Frameworks */,
				344AE1C22624927E00EC6BAC /* Resources */,
			);
			buildRules = (
			);
			dependencies = (
				344AE1C62624927E00EC6BAC /* PBXTargetDependency */,
			);
			name = bingCsBrosUITests;
			productName = bingCsBrosUITests;
			productReference = 344AE1C42624927E00EC6BAC /* bingCsBrosUITests.xctest */;
			productType = "com.apple.product-type.bundle.ui-testing";
		};
/* End PBXNativeTarget section */

/* Begin PBXProject section */
		344AE19A2624927D00EC6BAC /* Project object */ = {
			isa = PBXProject;
			attributes = {
				LastSwiftUpdateCheck = 1240;
				LastUpgradeCheck = 1240;
				TargetAttributes = {
					344AE1A12624927D00EC6BAC = {
						CreatedOnToolsVersion = 12.4;
					};
					344AE1B82624927E00EC6BAC = {
						CreatedOnToolsVersion = 12.4;
						TestTargetID = 344AE1A12624927D00EC6BAC;
					};
					344AE1C32624927E00EC6BAC = {
						CreatedOnToolsVersion = 12.4;
						TestTargetID = 344AE1A12624927D00EC6BAC;
					};
				};
			};
			buildConfigurationList = 344AE19D2624927D00EC6BAC /* Build configuration list for PBXProject "bingCsBros" */;
			compatibilityVersion = "Xcode 9.3";
			developmentRegion = en;
			hasScannedForEncodings = 0;
			knownRegions = (
				en,
				Base,
			);
			mainGroup = 344AE1992624927D00EC6BAC;
			productRefGroup = 344AE1A32624927D00EC6BAC /* Products */;
			projectDirPath = "";
			projectRoot = "";
			targets = (
				344AE1A12624927D00EC6BAC /* bingCsBros */,
				344AE1B82624927E00EC6BAC /* bingCsBrosTests */,
				344AE1C32624927E00EC6BAC /* bingCsBrosUITests */,
			);
		};
/* End PBXProject section */

/* Begin PBXResourcesBuildPhase section */
		344AE1A02624927D00EC6BAC /* Resources */ = {
			isa = PBXResourcesBuildPhase;
			buildActionMask = 2147483647;
			files = (
				344AE1B12624927D00EC6BAC /* Main.storyboard in Resources */,
				344AE1A82624927D00EC6BAC /* GameScene.sks in Resources */,
				342BA80F263072BF00F12E0F /* stickFigure.png in Resources */,
				344AE1B32624927E00EC6BAC /* Assets.xcassets in Resources */,
				34030567262DC7B800BFBA5C /* jazzmans.jpeg in Resources */,
				34030566262DC7B800BFBA5C /* marketplace.jpeg in Resources */,
				34030565262DC7B800BFBA5C /* bartle.jpeg in Resources */,
				344AE1AA2624927D00EC6BAC /* Actions.sks in Resources */,
			);
			runOnlyForDeploymentPostprocessing = 0;
		};
		344AE1B72624927E00EC6BAC /* Resources */ = {
			isa = PBXResourcesBuildPhase;
			buildActionMask = 2147483647;
			files = (
			);
			runOnlyForDeploymentPostprocessing = 0;
		};
		344AE1C22624927E00EC6BAC /* Resources */ = {
			isa = PBXResourcesBuildPhase;
			buildActionMask = 2147483647;
			files = (
			);
			runOnlyForDeploymentPostprocessing = 0;
		};
/* End PBXResourcesBuildPhase section */

/* Begin PBXSourcesBuildPhase section */
		344AE19E2624927D00EC6BAC /* Sources */ = {
			isa = PBXSourcesBuildPhase;
			buildActionMask = 2147483647;
			files = (
				344AE1AC2624927D00EC6BAC /* GameScene.swift in Sources */,
				79B3E4702629390100EE2316 /* Enemy.swift in Sources */,
				344AE1AE2624927D00EC6BAC /* GameViewController.swift in Sources */,
				34B881FF2638626300391271 /* WinViewController.swift in Sources */,
				344AE1A62624927D00EC6BAC /* AppDelegate.swift in Sources */,
				796E9BDF263662A30084A130 /* ViewController.swift in Sources */,
				79B3E47526293A4B00EE2316 /* Obstacles.swift in Sources */,
				2C494D5D262F460B008EC632 /* Collectable.swift in Sources */,
				342BA80A2630674800F12E0F /* CharacterViewController.swift in Sources */,
				2C494D62262F4AF7008EC632 /* PowerItem.swift in Sources */,
				2C494D6C262F51B4008EC632 /* PlatformBox.swift in Sources */,
				347CB750262736D200E9C464 /* Character.swift in Sources */,
			);
			runOnlyForDeploymentPostprocessing = 0;
		};
		344AE1B52624927E00EC6BAC /* Sources */ = {
			isa = PBXSourcesBuildPhase;
			buildActionMask = 2147483647;
			files = (
				344AE1BE2624927E00EC6BAC /* bingCsBrosTests.swift in Sources */,
			);
			runOnlyForDeploymentPostprocessing = 0;
		};
		344AE1C02624927E00EC6BAC /* Sources */ = {
			isa = PBXSourcesBuildPhase;
			buildActionMask = 2147483647;
			files = (
				344AE1C92624927E00EC6BAC /* bingCsBrosUITests.swift in Sources */,
			);
			runOnlyForDeploymentPostprocessing = 0;
		};
/* End PBXSourcesBuildPhase section */

/* Begin PBXTargetDependency section */
		344AE1BB2624927E00EC6BAC /* PBXTargetDependency */ = {
			isa = PBXTargetDependency;
			target = 344AE1A12624927D00EC6BAC /* bingCsBros */;
			targetProxy = 344AE1BA2624927E00EC6BAC /* PBXContainerItemProxy */;
		};
		344AE1C62624927E00EC6BAC /* PBXTargetDependency */ = {
			isa = PBXTargetDependency;
			target = 344AE1A12624927D00EC6BAC /* bingCsBros */;
			targetProxy = 344AE1C52624927E00EC6BAC /* PBXContainerItemProxy */;
		};
/* End PBXTargetDependency section */

/* Begin PBXVariantGroup section */
		344AE1AF2624927D00EC6BAC /* Main.storyboard */ = {
			isa = PBXVariantGroup;
			children = (
				344AE1B02624927D00EC6BAC /* Base */,
			);
			name = Main.storyboard;
			sourceTree = "<group>";
		};
/* End PBXVariantGroup section */

/* Begin XCBuildConfiguration section */
		344AE1CB2624927E00EC6BAC /* Debug */ = {
			isa = XCBuildConfiguration;
			buildSettings = {
				ALWAYS_SEARCH_USER_PATHS = NO;
				CLANG_ANALYZER_NONNULL = YES;
				CLANG_ANALYZER_NUMBER_OBJECT_CONVERSION = YES_AGGRESSIVE;
				CLANG_CXX_LANGUAGE_STANDARD = "gnu++14";
				CLANG_CXX_LIBRARY = "libc++";
				CLANG_ENABLE_MODULES = YES;
				CLANG_ENABLE_OBJC_ARC = YES;
				CLANG_ENABLE_OBJC_WEAK = YES;
				CLANG_WARN_BLOCK_CAPTURE_AUTORELEASING = YES;
				CLANG_WARN_BOOL_CONVERSION = YES;
				CLANG_WARN_COMMA = YES;
				CLANG_WARN_CONSTANT_CONVERSION = YES;
				CLANG_WARN_DEPRECATED_OBJC_IMPLEMENTATIONS = YES;
				CLANG_WARN_DIRECT_OBJC_ISA_USAGE = YES_ERROR;
				CLANG_WARN_DOCUMENTATION_COMMENTS = YES;
				CLANG_WARN_EMPTY_BODY = YES;
				CLANG_WARN_ENUM_CONVERSION = YES;
				CLANG_WARN_INFINITE_RECURSION = YES;
				CLANG_WARN_INT_CONVERSION = YES;
				CLANG_WARN_NON_LITERAL_NULL_CONVERSION = YES;
				CLANG_WARN_OBJC_IMPLICIT_RETAIN_SELF = YES;
				CLANG_WARN_OBJC_LITERAL_CONVERSION = YES;
				CLANG_WARN_OBJC_ROOT_CLASS = YES_ERROR;
				CLANG_WARN_QUOTED_INCLUDE_IN_FRAMEWORK_HEADER = YES;
				CLANG_WARN_RANGE_LOOP_ANALYSIS = YES;
				CLANG_WARN_STRICT_PROTOTYPES = YES;
				CLANG_WARN_SUSPICIOUS_MOVE = YES;
				CLANG_WARN_UNGUARDED_AVAILABILITY = YES_AGGRESSIVE;
				CLANG_WARN_UNREACHABLE_CODE = YES;
				CLANG_WARN__DUPLICATE_METHOD_MATCH = YES;
				COPY_PHASE_STRIP = NO;
				DEBUG_INFORMATION_FORMAT = dwarf;
				ENABLE_STRICT_OBJC_MSGSEND = YES;
				ENABLE_TESTABILITY = YES;
				GCC_C_LANGUAGE_STANDARD = gnu11;
				GCC_DYNAMIC_NO_PIC = NO;
				GCC_NO_COMMON_BLOCKS = YES;
				GCC_OPTIMIZATION_LEVEL = 0;
				GCC_PREPROCESSOR_DEFINITIONS = (
					"DEBUG=1",
					"$(inherited)",
				);
				GCC_WARN_64_TO_32_BIT_CONVERSION = YES;
				GCC_WARN_ABOUT_RETURN_TYPE = YES_ERROR;
				GCC_WARN_UNDECLARED_SELECTOR = YES;
				GCC_WARN_UNINITIALIZED_AUTOS = YES_AGGRESSIVE;
				GCC_WARN_UNUSED_FUNCTION = YES;
				GCC_WARN_UNUSED_VARIABLE = YES;
				IPHONEOS_DEPLOYMENT_TARGET = 14.4;
				MTL_ENABLE_DEBUG_INFO = INCLUDE_SOURCE;
				MTL_FAST_MATH = YES;
				ONLY_ACTIVE_ARCH = YES;
				SDKROOT = iphoneos;
				SWIFT_ACTIVE_COMPILATION_CONDITIONS = DEBUG;
				SWIFT_OPTIMIZATION_LEVEL = "-Onone";
			};
			name = Debug;
		};
		344AE1CC2624927E00EC6BAC /* Release */ = {
			isa = XCBuildConfiguration;
			buildSettings = {
				ALWAYS_SEARCH_USER_PATHS = NO;
				CLANG_ANALYZER_NONNULL = YES;
				CLANG_ANALYZER_NUMBER_OBJECT_CONVERSION = YES_AGGRESSIVE;
				CLANG_CXX_LANGUAGE_STANDARD = "gnu++14";
				CLANG_CXX_LIBRARY = "libc++";
				CLANG_ENABLE_MODULES = YES;
				CLANG_ENABLE_OBJC_ARC = YES;
				CLANG_ENABLE_OBJC_WEAK = YES;
				CLANG_WARN_BLOCK_CAPTURE_AUTORELEASING = YES;
				CLANG_WARN_BOOL_CONVERSION = YES;
				CLANG_WARN_COMMA = YES;
				CLANG_WARN_CONSTANT_CONVERSION = YES;
				CLANG_WARN_DEPRECATED_OBJC_IMPLEMENTATIONS = YES;
				CLANG_WARN_DIRECT_OBJC_ISA_USAGE = YES_ERROR;
				CLANG_WARN_DOCUMENTATION_COMMENTS = YES;
				CLANG_WARN_EMPTY_BODY = YES;
				CLANG_WARN_ENUM_CONVERSION = YES;
				CLANG_WARN_INFINITE_RECURSION = YES;
				CLANG_WARN_INT_CONVERSION = YES;
				CLANG_WARN_NON_LITERAL_NULL_CONVERSION = YES;
				CLANG_WARN_OBJC_IMPLICIT_RETAIN_SELF = YES;
				CLANG_WARN_OBJC_LITERAL_CONVERSION = YES;
				CLANG_WARN_OBJC_ROOT_CLASS = YES_ERROR;
				CLANG_WARN_QUOTED_INCLUDE_IN_FRAMEWORK_HEADER = YES;
				CLANG_WARN_RANGE_LOOP_ANALYSIS = YES;
				CLANG_WARN_STRICT_PROTOTYPES = YES;
				CLANG_WARN_SUSPICIOUS_MOVE = YES;
				CLANG_WARN_UNGUARDED_AVAILABILITY = YES_AGGRESSIVE;
				CLANG_WARN_UNREACHABLE_CODE = YES;
				CLANG_WARN__DUPLICATE_METHOD_MATCH = YES;
				COPY_PHASE_STRIP = NO;
				DEBUG_INFORMATION_FORMAT = "dwarf-with-dsym";
				ENABLE_NS_ASSERTIONS = NO;
				ENABLE_STRICT_OBJC_MSGSEND = YES;
				GCC_C_LANGUAGE_STANDARD = gnu11;
				GCC_NO_COMMON_BLOCKS = YES;
				GCC_WARN_64_TO_32_BIT_CONVERSION = YES;
				GCC_WARN_ABOUT_RETURN_TYPE = YES_ERROR;
				GCC_WARN_UNDECLARED_SELECTOR = YES;
				GCC_WARN_UNINITIALIZED_AUTOS = YES_AGGRESSIVE;
				GCC_WARN_UNUSED_FUNCTION = YES;
				GCC_WARN_UNUSED_VARIABLE = YES;
				IPHONEOS_DEPLOYMENT_TARGET = 14.4;
				MTL_ENABLE_DEBUG_INFO = NO;
				MTL_FAST_MATH = YES;
				SDKROOT = iphoneos;
				SWIFT_COMPILATION_MODE = wholemodule;
				SWIFT_OPTIMIZATION_LEVEL = "-O";
				VALIDATE_PRODUCT = YES;
			};
			name = Release;
		};
		344AE1CE2624927E00EC6BAC /* Debug */ = {
			isa = XCBuildConfiguration;
			buildSettings = {
				ASSETCATALOG_COMPILER_APPICON_NAME = AppIcon;
				ASSETCATALOG_COMPILER_GLOBAL_ACCENT_COLOR_NAME = AccentColor;
				CODE_SIGN_STYLE = Automatic;
				DEVELOPMENT_TEAM = NA2Q6XHTH2;
				INFOPLIST_FILE = bingCsBros/Info.plist;
				LD_RUNPATH_SEARCH_PATHS = (
					"$(inherited)",
					"@executable_path/Frameworks",
				);
				PRODUCT_BUNDLE_IDENTIFIER = com.tgundel.bingCsBros;
				PRODUCT_NAME = "$(TARGET_NAME)";
				SWIFT_VERSION = 5.0;
				TARGETED_DEVICE_FAMILY = "1,2";
			};
			name = Debug;
		};
		344AE1CF2624927E00EC6BAC /* Release */ = {
			isa = XCBuildConfiguration;
			buildSettings = {
				ASSETCATALOG_COMPILER_APPICON_NAME = AppIcon;
				ASSETCATALOG_COMPILER_GLOBAL_ACCENT_COLOR_NAME = AccentColor;
				CODE_SIGN_STYLE = Automatic;
				DEVELOPMENT_TEAM = NA2Q6XHTH2;
				INFOPLIST_FILE = bingCsBros/Info.plist;
				LD_RUNPATH_SEARCH_PATHS = (
					"$(inherited)",
					"@executable_path/Frameworks",
				);
				PRODUCT_BUNDLE_IDENTIFIER = com.tgundel.bingCsBros;
				PRODUCT_NAME = "$(TARGET_NAME)";
				SWIFT_VERSION = 5.0;
				TARGETED_DEVICE_FAMILY = "1,2";
			};
			name = Release;
		};
		344AE1D12624927E00EC6BAC /* Debug */ = {
			isa = XCBuildConfiguration;
			buildSettings = {
				ALWAYS_EMBED_SWIFT_STANDARD_LIBRARIES = YES;
				BUNDLE_LOADER = "$(TEST_HOST)";
				CODE_SIGN_STYLE = Automatic;
				DEVELOPMENT_TEAM = NA2Q6XHTH2;
				INFOPLIST_FILE = bingCsBrosTests/Info.plist;
				IPHONEOS_DEPLOYMENT_TARGET = 14.4;
				LD_RUNPATH_SEARCH_PATHS = (
					"$(inherited)",
					"@executable_path/Frameworks",
					"@loader_path/Frameworks",
				);
				PRODUCT_BUNDLE_IDENTIFIER = com.tgundel.bingCsBrosTests;
				PRODUCT_NAME = "$(TARGET_NAME)";
				SWIFT_VERSION = 5.0;
				TARGETED_DEVICE_FAMILY = "1,2";
				TEST_HOST = "$(BUILT_PRODUCTS_DIR)/bingCsBros.app/bingCsBros";
			};
			name = Debug;
		};
		344AE1D22624927E00EC6BAC /* Release */ = {
			isa = XCBuildConfiguration;
			buildSettings = {
				ALWAYS_EMBED_SWIFT_STANDARD_LIBRARIES = YES;
				BUNDLE_LOADER = "$(TEST_HOST)";
				CODE_SIGN_STYLE = Automatic;
				DEVELOPMENT_TEAM = NA2Q6XHTH2;
				INFOPLIST_FILE = bingCsBrosTests/Info.plist;
				IPHONEOS_DEPLOYMENT_TARGET = 14.4;
				LD_RUNPATH_SEARCH_PATHS = (
					"$(inherited)",
					"@executable_path/Frameworks",
					"@loader_path/Frameworks",
				);
				PRODUCT_BUNDLE_IDENTIFIER = com.tgundel.bingCsBrosTests;
				PRODUCT_NAME = "$(TARGET_NAME)";
				SWIFT_VERSION = 5.0;
				TARGETED_DEVICE_FAMILY = "1,2";
				TEST_HOST = "$(BUILT_PRODUCTS_DIR)/bingCsBros.app/bingCsBros";
			};
			name = Release;
		};
		344AE1D42624927E00EC6BAC /* Debug */ = {
			isa = XCBuildConfiguration;
			buildSettings = {
				ALWAYS_EMBED_SWIFT_STANDARD_LIBRARIES = YES;
				CODE_SIGN_STYLE = Automatic;
				DEVELOPMENT_TEAM = NA2Q6XHTH2;
				INFOPLIST_FILE = bingCsBrosUITests/Info.plist;
				LD_RUNPATH_SEARCH_PATHS = (
					"$(inherited)",
					"@executable_path/Frameworks",
					"@loader_path/Frameworks",
				);
				PRODUCT_BUNDLE_IDENTIFIER = com.tgundel.bingCsBrosUITests;
				PRODUCT_NAME = "$(TARGET_NAME)";
				SWIFT_VERSION = 5.0;
				TARGETED_DEVICE_FAMILY = "1,2";
				TEST_TARGET_NAME = bingCsBros;
			};
			name = Debug;
		};
		344AE1D52624927E00EC6BAC /* Release */ = {
			isa = XCBuildConfiguration;
			buildSettings = {
				ALWAYS_EMBED_SWIFT_STANDARD_LIBRARIES = YES;
				CODE_SIGN_STYLE = Automatic;
				DEVELOPMENT_TEAM = NA2Q6XHTH2;
				INFOPLIST_FILE = bingCsBrosUITests/Info.plist;
				LD_RUNPATH_SEARCH_PATHS = (
					"$(inherited)",
					"@executable_path/Frameworks",
					"@loader_path/Frameworks",
				);
				PRODUCT_BUNDLE_IDENTIFIER = com.tgundel.bingCsBrosUITests;
				PRODUCT_NAME = "$(TARGET_NAME)";
				SWIFT_VERSION = 5.0;
				TARGETED_DEVICE_FAMILY = "1,2";
				TEST_TARGET_NAME = bingCsBros;
			};
			name = Release;
		};
/* End XCBuildConfiguration section */

/* Begin XCConfigurationList section */
		344AE19D2624927D00EC6BAC /* Build configuration list for PBXProject "bingCsBros" */ = {
			isa = XCConfigurationList;
			buildConfigurations = (
				344AE1CB2624927E00EC6BAC /* Debug */,
				344AE1CC2624927E00EC6BAC /* Release */,
			);
			defaultConfigurationIsVisible = 0;
			defaultConfigurationName = Release;
		};
		344AE1CD2624927E00EC6BAC /* Build configuration list for PBXNativeTarget "bingCsBros" */ = {
			isa = XCConfigurationList;
			buildConfigurations = (
				344AE1CE2624927E00EC6BAC /* Debug */,
				344AE1CF2624927E00EC6BAC /* Release */,
			);
			defaultConfigurationIsVisible = 0;
			defaultConfigurationName = Release;
		};
		344AE1D02624927E00EC6BAC /* Build configuration list for PBXNativeTarget "bingCsBrosTests" */ = {
			isa = XCConfigurationList;
			buildConfigurations = (
				344AE1D12624927E00EC6BAC /* Debug */,
				344AE1D22624927E00EC6BAC /* Release */,
			);
			defaultConfigurationIsVisible = 0;
			defaultConfigurationName = Release;
		};
		344AE1D32624927E00EC6BAC /* Build configuration list for PBXNativeTarget "bingCsBrosUITests" */ = {
			isa = XCConfigurationList;
			buildConfigurations = (
				344AE1D42624927E00EC6BAC /* Debug */,
				344AE1D52624927E00EC6BAC /* Release */,
			);
			defaultConfigurationIsVisible = 0;
			defaultConfigurationName = Release;
		};
/* End XCConfigurationList section */
	};
	rootObject = 344AE19A2624927D00EC6BAC /* Project object */;
}
